# THIS IS AN AUTOGENERATED FILE. DO NOT EDIT THIS FILE DIRECTLY.
# yarn lockfile v1


"@types/alpinejs@^3.13.11":
  version "3.13.11"
  resolved "https://registry.yarnpkg.com/@types/alpinejs/-/alpinejs-3.13.11.tgz#ecf938c0f4678d617c77933961e9385e45ece148"
  integrity sha512-3KhGkDixCPiLdL3Z/ok1GxHwLxEWqQOKJccgaQL01wc0EVM2tCTaqlC3NIedmxAXkVzt/V6VTM8qPgnOHKJ1MA==

chrome-types@^0.1.385:
  version "0.1.385"
  resolved "https://registry.yarnpkg.com/chrome-types/-/chrome-types-0.1.385.tgz#8ff2ce9ef989db397b099c8cd97c1a0058c7541b"
  integrity sha512-mcrqB4sEQc6zbmVBMFrO0nMjMWGPN/SaAuG3VYvp053MMThJLHCFIGN2mEsnvgx82jXa1wecQAeEzbrw+RYGaA==

typescript@^5.9.3:
  version "5.9.3"
  resolved "https://registry.yarnpkg.com/typescript/-/typescript-5.9.3.tgz#5b4f59e15310ab17a216f5d6cf53ee476ede670f"
  integrity sha512-jl1vZzPDinLr9eUt3J/t7V6FgNEw9QjvBPdysz9KfQDD41fQrC2Y4vKQdiaUpFT4bXlb1RHhLpp8wtm6M5TgSw==
